# THIS IS AN AUTOGENERATED FILE. DO NOT EDIT THIS FILE DIRECTLY.
# yarn lockfile v1


colors@1.2.3:
  version "1.2.3"
  resolved "https://registry.npmjs.org/colors/-/colors-1.2.3.tgz#1b152a9c4f6c9f74bc4bb96233ad0b7983b79744"
  integrity sha512-qTfM2pNFeMZcLvf/RbrVAzDEVttZjFhaApfx9dplNjvHSX88Ui66zBRb/4YGob/xUWxDceirgoC1lT676asfCQ==

dateformat@3.0.3:
  version "3.0.3"
  resolved "https://registry.npmjs.org/dateformat/-/dateformat-3.0.3.tgz#a6e37499a4d9a9cf85ef5872044d62901c9889ae"
  integrity sha512-jyCETtSl3VMZMWeRo7iY1FL19ges1t55hMo5yaam4Jrsm5EPL89UQkoQRyiI+Yf4k8r2ZpdngkV8hr1lIdjb3Q==

lodash@^4.17.15:
  version "4.17.19"
  resolved "https://registry.yarnpkg.com/lodash/-/lodash-4.17.19.tgz#e48ddedbe30b3321783c5b4301fbd353bc1e4a4b"
  integrity sha512-JNvd8XER9GQX0v2qJgsaN/mzFCNA5BRe/j8JN9d+tWyGLSodKQHKFicdwNYzWwI3wjRnaKPsGj1XkBjx/F96DQ==

minimist@0.0.8:
  version "0.0.8"
  resolved "https://registry.npmjs.org/minimist/-/minimist-0.0.8.tgz#857fcabfc3397d2625b8228262e86aa7a011b05d"
  integrity sha1-hX/Kv8M5fSYluCKCYuhqp6ARsF0=

mkdirp@^0.5.1:
  version "0.5.1"
  resolved "https://registry.npmjs.org/mkdirp/-/mkdirp-0.5.1.tgz#30057438eac6cf7f8c4767f38648d6697d75c903"
  integrity sha1-MAV0OOrGz3+MR2fzhkjWaX11yQM=
  dependencies:
    minimist "0.0.8"

tinytim@0.1.1:
  version "0.1.1"
  resolved "https://registry.npmjs.org/tinytim/-/tinytim-0.1.1.tgz#c968a1e5559ad9553224ef7627bab34e3caef8a8"
  integrity sha1-yWih5VWa2VUyJO92J7qzTjyu+Kg=

tracer@^0.8.7:
  version "0.8.15"
  resolved "https://registry.npmjs.org/tracer/-/tracer-0.8.15.tgz#c4bb5b8c788ed3d7106c081288e22fd5a5abc474"
  integrity sha512-ZQzlhd6zZFIpAhACiZkxLjl65XqVwi8t8UEBVGRIHAQN6nj55ftJWiFell+WSqWCP/vEycrIbUSuiyMwul+TFw==
  dependencies:
    colors "1.2.3"
    dateformat "3.0.3"
    mkdirp "^0.5.1"
    tinytim "0.1.1"
